
Microsoft Visual Studio Solution File, Format Version 12.00
# Visual Studio Version 17
VisualStudioVersion = 17.7.34202.233
MinimumVisualStudioVersion = 10.0.40219.1
Project("{9A19103F-16F7-4668-BE54-9A1E7A4F7556}") = "STB.MAP.UI", "STB.MAP.UI\STB.MAP.UI.csproj", "{538A4A49-99D6-4CA3-8C0D-DD2430DF687E}"
EndProject
Global
	GlobalSection(SolutionConfigurationPlatforms) = preSolution
		Debug|Any CPU = Debug|Any CPU
		Release|Any CPU = Release|Any CPU
	EndGlobalSection
	GlobalSection(ProjectConfigurationPlatforms) = postSolution
		{538A4A49-99D6-4CA3-8C0D-DD2430DF687E}.Debug|Any CPU.ActiveCfg = Debug|Any CPU
		{538A4A49-99D6-4CA3-8C0D-DD2430DF687E}.Debug|Any CPU.Build.0 = Debug|Any CPU
		{538A4A49-99D6-4CA3-8C0D-DD2430DF687E}.Release|Any CPU.ActiveCfg = Release|Any CPU
		{538A4A49-99D6-4CA3-8C0D-DD2430DF687E}.Release|Any CPU.Build.0 = Release|Any CPU
	EndGlobalSection
	GlobalSection(SolutionProperties) = preSolution
		HideSolutionNode = FALSE
	EndGlobalSection
	GlobalSection(ExtensibilityGlobals) = postSolution
		SolutionGuid = {8AA9C131-9DD6-4036-8CA5-277E74E4B078}
	EndGlobalSection
EndGlobal
